
Microsoft Visual Studio Solution File, Format Version 12.00
# Visual Studio Version 17
VisualStudioVersion = 17.5.33424.131
MinimumVisualStudioVersion = 10.0.40219.1
Project("{FAE04EC0-301F-11D3-BF4B-00C04F79EFBC}") = "PokemonReviewApp", "PokemonReviewApp\PokemonReviewApp.csproj", "{174334D6-00B1-46FD-9D5C-C7C59BE5A241}"
EndProject
Global
	GlobalSection(SolutionConfigurationPlatforms) = preSolution
		Debug|Any CPU = Debug|Any CPU
		Release|Any CPU = Release|Any CPU
	EndGlobalSection
	GlobalSection(ProjectConfigurationPlatforms) = postSolution
		{174334D6-00B1-46FD-9D5C-C7C59BE5A241}.Debug|Any CPU.ActiveCfg = Debug|Any CPU
		{174334D6-00B1-46FD-9D5C-C7C59BE5A241}.Debug|Any CPU.Build.0 = Debug|Any CPU
		{174334D6-00B1-46FD-9D5C-C7C59BE5A241}.Release|Any CPU.ActiveCfg = Release|Any CPU
		{174334D6-00B1-46FD-9D5C-C7C59BE5A241}.Release|Any CPU.Build.0 = Release|Any CPU
	EndGlobalSection
	GlobalSection(SolutionProperties) = preSolution
		HideSolutionNode = FALSE
	EndGlobalSection
	GlobalSection(ExtensibilityGlobals) = postSolution
		SolutionGuid = {B0D55934-CB39-42E0-A599-54DA9DEBB55D}
	EndGlobalSection
EndGlobal
